
Microsoft Visual Studio Solution File, Format Version 12.00
# Visual Studio Version 17
VisualStudioVersion = 17.2.32630.192
MinimumVisualStudioVersion = 10.0.40219.1
Project("{9A19103F-16F7-4668-BE54-9A1E7A4F7556}") = "WETHENEW_URL", "WETHENEW_URL.csproj", "{D9D85DFB-4621-42DE-9129-AF745F4DAE6D}"
EndProject
Global
	GlobalSection(SolutionConfigurationPlatforms) = preSolution
		Debug|Any CPU = Debug|Any CPU
		Release|Any CPU = Release|Any CPU
	EndGlobalSection
	GlobalSection(ProjectConfigurationPlatforms) = postSolution
		{D9D85DFB-4621-42DE-9129-AF745F4DAE6D}.Debug|Any CPU.ActiveCfg = Debug|Any CPU
		{D9D85DFB-4621-42DE-9129-AF745F4DAE6D}.Debug|Any CPU.Build.0 = Debug|Any CPU
		{D9D85DFB-4621-42DE-9129-AF745F4DAE6D}.Release|Any CPU.ActiveCfg = Release|Any CPU
		{D9D85DFB-4621-42DE-9129-AF745F4DAE6D}.Release|Any CPU.Build.0 = Release|Any CPU
	EndGlobalSection
	GlobalSection(SolutionProperties) = preSolution
		HideSolutionNode = FALSE
	EndGlobalSection
	GlobalSection(ExtensibilityGlobals) = postSolution
		SolutionGuid = {B5E892E9-0876-4634-B818-BFF977AFE981}
	EndGlobalSection
EndGlobal
