
Microsoft Visual Studio Solution File, Format Version 12.00
# Visual Studio Version 17
VisualStudioVersion = 17.2.32630.192
MinimumVisualStudioVersion = 10.0.40219.1
Project("{FAE04EC0-301F-11D3-BF4B-00C04F79EFBC}") = "WETHENEW_ALL", "WETHENEW_ALL.csproj", "{55EA880E-EFED-421B-BFDC-51E3FF241266}"
EndProject
Global
	GlobalSection(SolutionConfigurationPlatforms) = preSolution
		Debug|Any CPU = Debug|Any CPU
		Release|Any CPU = Release|Any CPU
	EndGlobalSection
	GlobalSection(ProjectConfigurationPlatforms) = postSolution
		{55EA880E-EFED-421B-BFDC-51E3FF241266}.Debug|Any CPU.ActiveCfg = Debug|Any CPU
		{55EA880E-EFED-421B-BFDC-51E3FF241266}.Debug|Any CPU.Build.0 = Debug|Any CPU
		{55EA880E-EFED-421B-BFDC-51E3FF241266}.Release|Any CPU.ActiveCfg = Release|Any CPU
		{55EA880E-EFED-421B-BFDC-51E3FF241266}.Release|Any CPU.Build.0 = Release|Any CPU
	EndGlobalSection
	GlobalSection(SolutionProperties) = preSolution
		HideSolutionNode = FALSE
	EndGlobalSection
	GlobalSection(ExtensibilityGlobals) = postSolution
		SolutionGuid = {F0238BAD-6BCC-49DC-856F-2DC9D9E273DB}
	EndGlobalSection
EndGlobal
